Microsoft Visual Studio Solution File, Format Version 12.00
# Visual Studio 15
VisualStudioVersion = 15.0.27130.2027
MinimumVisualStudioVersion = 10.0.40219.1
Project("{FAE04EC0-301F-11D3-BF4B-00C04F79EFBC}") = "DancingGoat", "DancingGoatMvc\DancingGoat.csproj", "{AEF19C23-66D3-4504-899D-F8794B76E08A}"
EndProject
Project("{FAE04EC0-301F-11D3-BF4B-00C04F79EFBC}") = "DancingGoat.Tests", "DancingGoatMvc.Tests\DancingGoat.Tests.csproj", "{978D8C42-9CA5-430E-B217-2208FF145547}"
EndProject
Global
	GlobalSection(SolutionConfigurationPlatforms) = preSolution
		Debug|Any CPU = Debug|Any CPU
		Release|Any CPU = Release|Any CPU
	EndGlobalSection
	GlobalSection(ProjectConfigurationPlatforms) = postSolution
		{AEF19C23-66D3-4504-899D-F8794B76E08A}.Debug|Any CPU.ActiveCfg = Debug|Any CPU
		{AEF19C23-66D3-4504-899D-F8794B76E08A}.Debug|Any CPU.Build.0 = Debug|Any CPU
		{AEF19C23-66D3-4504-899D-F8794B76E08A}.Release|Any CPU.ActiveCfg = Release|Any CPU
		{AEF19C23-66D3-4504-899D-F8794B76E08A}.Release|Any CPU.Build.0 = Release|Any CPU
		{978D8C42-9CA5-430E-B217-2208FF145547}.Debug|Any CPU.ActiveCfg = Debug|Any CPU
		{978D8C42-9CA5-430E-B217-2208FF145547}.Debug|Any CPU.Build.0 = Debug|Any CPU
		{978D8C42-9CA5-430E-B217-2208FF145547}.Release|Any CPU.ActiveCfg = Release|Any CPU
		{978D8C42-9CA5-430E-B217-2208FF145547}.Release|Any CPU.Build.0 = Release|Any CPU
	EndGlobalSection
	GlobalSection(SolutionProperties) = preSolution
		HideSolutionNode = FALSE
	EndGlobalSection
	GlobalSection(ExtensibilityGlobals) = postSolution
		SolutionGuid = {DE22D496-6BCA-4D8B-8256-A8DE4998E9F9}
	EndGlobalSection
EndGlobal
